
Microsoft Visual Studio Solution File, Format Version 12.00
# Visual Studio Version 16
VisualStudioVersion = 16.0.33328.57
MinimumVisualStudioVersion = 10.0.40219.1
Project("{FAE04EC0-301F-11D3-BF4B-00C04F79EFBC}") = "AdoCao.UWP", "AdoCao\AdoCao.UWP\AdoCao.UWP.csproj", "{DA979694-D8FE-43C1-BE61-A529519852BF}"
EndProject
Project("{FAE04EC0-301F-11D3-BF4B-00C04F79EFBC}") = "AdoCao.Android", "AdoCao\AdoCao.Android\AdoCao.Android.csproj", "{BB2E414C-DEBF-428E-BD99-DDDA6060FA04}"
EndProject
Project("{FAE04EC0-301F-11D3-BF4B-00C04F79EFBC}") = "AdoCao.iOS", "AdoCao\AdoCao.iOS\AdoCao.iOS.csproj", "{EF33B08B-DA51-43F9-BA44-88F56C7DAA31}"
EndProject
Project("{9A19103F-16F7-4668-BE54-9A1E7A4F7556}") = "AdoCao", "AdoCao\AdoCao\AdoCao.csproj", "{C7A89826-7C51-4DF6-86FB-BD4181AFFC0A}"
EndProject
Global
	GlobalSection(SolutionConfigurationPlatforms) = preSolution
		Debug|Any CPU = Debug|Any CPU
		Debug|ARM = Debug|ARM
		Debug|iPhone = Debug|iPhone
		Debug|iPhoneSimulator = Debug|iPhoneSimulator
		Debug|x64 = Debug|x64
		Debug|x86 = Debug|x86
		Release|Any CPU = Release|Any CPU
		Release|ARM = Release|ARM
		Release|iPhone = Release|iPhone
		Release|iPhoneSimulator = Release|iPhoneSimulator
		Release|x64 = Release|x64
		Release|x86 = Release|x86
	EndGlobalSection
	GlobalSection(ProjectConfigurationPlatforms) = postSolution
		{DA979694-D8FE-43C1-BE61-A529519852BF}.Debug|Any CPU.ActiveCfg = Debug|x64
		{DA979694-D8FE-43C1-BE61-A529519852BF}.Debug|Any CPU.Build.0 = Debug|x64
		{DA979694-D8FE-43C1-BE61-A529519852BF}.Debug|Any CPU.Deploy.0 = Debug|x64
		{DA979694-D8FE-43C1-BE61-A529519852BF}.Debug|ARM.ActiveCfg = Debug|ARM
		{DA979694-D8FE-43C1-BE61-A529519852BF}.Debug|ARM.Build.0 = Debug|ARM
		{DA979694-D8FE-43C1-BE61-A529519852BF}.Debug|ARM.Deploy.0 = Debug|ARM
		{DA979694-D8FE-43C1-BE61-A529519852BF}.Debug|iPhone.ActiveCfg = Debug|x64
		{DA979694-D8FE-43C1-BE61-A529519852BF}.Debug|iPhone.Build.0 = Debug|x64
		{DA979694-D8FE-43C1-BE61-A529519852BF}.Debug|iPhone.Deploy.0 = Debug|x64
		{DA979694-D8FE-43C1-BE61-A529519852BF}.Debug|iPhoneSimulator.ActiveCfg = Debug|x64
		{DA979694-D8FE-43C1-BE61-A529519852BF}.Debug|iPhoneSimulator.Build.0 = Debug|x64
		{DA979694-D8FE-43C1-BE61-A529519852BF}.Debug|iPhoneSimulator.Deploy.0 = Debug|x64
		{DA979694-D8FE-43C1-BE61-A529519852BF}.Debug|x64.ActiveCfg = Debug|x64
		{DA979694-D8FE-43C1-BE61-A529519852BF}.Debug|x64.Build.0 = Debug|x64
		{DA979694-D8FE-43C1-BE61-A529519852BF}.Debug|x64.Deploy.0 = Debug|x64
		{DA979694-D8FE-43C1-BE61-A529519852BF}.Debug|x86.ActiveCfg = Debug|x86
		{DA979694-D8FE-43C1-BE61-A529519852BF}.Debug|x86.Build.0 = Debug|x86
		{DA979694-D8FE-43C1-BE61-A529519852BF}.Debug|x86.Deploy.0 = Debug|x86
		{DA979694-D8FE-43C1-BE61-A529519852BF}.Release|Any CPU.ActiveCfg = Release|x64
		{DA979694-D8FE-43C1-BE61-A529519852BF}.Release|Any CPU.Build.0 = Release|x64
		{DA979694-D8FE-43C1-BE61-A529519852BF}.Release|Any CPU.Deploy.0 = Release|x64
		{DA979694-D8FE-43C1-BE61-A529519852BF}.Release|ARM.ActiveCfg = Release|ARM
		{DA979694-D8FE-43C1-BE61-A529519852BF}.Release|ARM.Build.0 = Release|ARM
		{DA979694-D8FE-43C1-BE61-A529519852BF}.Release|ARM.Deploy.0 = Release|ARM
		{DA979694-D8FE-43C1-BE61-A529519852BF}.Release|iPhone.ActiveCfg = Release|x64
		{DA979694-D8FE-43C1-BE61-A529519852BF}.Release|iPhone.Build.0 = Release|x64
		{DA979694-D8FE-43C1-BE61-A529519852BF}.Release|iPhone.Deploy.0 = Release|x64
		{DA979694-D8FE-43C1-BE61-A529519852BF}.Release|iPhoneSimulator.ActiveCfg = Release|x64
		{DA979694-D8FE-43C1-BE61-A529519852BF}.Release|iPhoneSimulator.Build.0 = Release|x64
		{DA979694-D8FE-43C1-BE61-A529519852BF}.Release|iPhoneSimulator.Deploy.0 = Release|x64
		{DA979694-D8FE-43C1-BE61-A529519852BF}.Release|x64.ActiveCfg = Release|x64
		{DA979694-D8FE-43C1-BE61-A529519852BF}.Release|x64.Build.0 = Release|x64
		{DA979694-D8FE-43C1-BE61-A529519852BF}.Release|x64.Deploy.0 = Release|x64
		{DA979694-D8FE-43C1-BE61-A529519852BF}.Release|x86.ActiveCfg = Release|x86
		{DA979694-D8FE-43C1-BE61-A529519852BF}.Release|x86.Build.0 = Release|x86
		{DA979694-D8FE-43C1-BE61-A529519852BF}.Release|x86.Deploy.0 = Release|x86
		{BB2E414C-DEBF-428E-BD99-DDDA6060FA04}.Debug|Any CPU.ActiveCfg = Debug|Any CPU
		{BB2E414C-DEBF-428E-BD99-DDDA6060FA04}.Debug|Any CPU.Build.0 = Debug|Any CPU
		{BB2E414C-DEBF-428E-BD99-DDDA6060FA04}.Debug|Any CPU.Deploy.0 = Debug|Any CPU
		{BB2E414C-DEBF-428E-BD99-DDDA6060FA04}.Debug|ARM.ActiveCfg = Debug|Any CPU
		{BB2E414C-DEBF-428E-BD99-DDDA6060FA04}.Debug|ARM.Build.0 = Debug|Any CPU
		{BB2E414C-DEBF-428E-BD99-DDDA6060FA04}.Debug|ARM.Deploy.0 = Debug|Any CPU
		{BB2E414C-DEBF-428E-BD99-DDDA6060FA04}.Debug|iPhone.ActiveCfg = Debug|Any CPU
		{BB2E414C-DEBF-428E-BD99-DDDA6060FA04}.Debug|iPhone.Build.0 = Debug|Any CPU
		{BB2E414C-DEBF-428E-BD99-DDDA6060FA04}.Debug|iPhone.Deploy.0 = Debug|Any CPU
		{BB2E414C-DEBF-428E-BD99-DDDA6060FA04}.Debug|iPhoneSimulator.ActiveCfg = Debug|Any CPU
		{BB2E414C-DEBF-428E-BD99-DDDA6060FA04}.Debug|iPhoneSimulator.Build.0 = Debug|Any CPU
		{BB2E414C-DEBF-428E-BD99-DDDA6060FA04}.Debug|iPhoneSimulator.Deploy.0 = Debug|Any CPU
		{BB2E414C-DEBF-428E-BD99-DDDA6060FA04}.Debug|x64.ActiveCfg = Debug|Any CPU
		{BB2E414C-DEBF-428E-BD99-DDDA6060FA04}.Debug|x64.Build.0 = Debug|Any CPU
		{BB2E414C-DEBF-428E-BD99-DDDA6060FA04}.Debug|x64.Deploy.0 = Debug|Any CPU
		{BB2E414C-DEBF-428E-BD99-DDDA6060FA04}.Debug|x86.ActiveCfg = Debug|Any CPU
		{BB2E414C-DEBF-428E-BD99-DDDA6060FA04}.Debug|x86.Build.0 = Debug|Any CPU
		{BB2E414C-DEBF-428E-BD99-DDDA6060FA04}.Debug|x86.Deploy.0 = Debug|Any CPU
		{BB2E414C-DEBF-428E-BD99-DDDA6060FA04}.Release|Any CPU.ActiveCfg = Release|Any CPU
		{BB2E414C-DEBF-428E-BD99-DDDA6060FA04}.Release|Any CPU.Build.0 = Release|Any CPU
		{BB2E414C-DEBF-428E-BD99-DDDA6060FA04}.Release|Any CPU.Deploy.0 = Release|Any CPU
		{BB2E414C-DEBF-428E-BD99-DDDA6060FA04}.Release|ARM.ActiveCfg = Release|Any CPU
		{BB2E414C-DEBF-428E-BD99-DDDA6060FA04}.Release|ARM.Build.0 = Release|Any CPU
		{BB2E414C-DEBF-428E-BD99-DDDA6060FA04}.Release|ARM.Deploy.0 = Release|Any CPU
		{BB2E414C-DEBF-428E-BD99-DDDA6060FA04}.Release|iPhone.ActiveCfg = Release|Any CPU
		{BB2E414C-DEBF-428E-BD99-DDDA6060FA04}.Release|iPhone.Build.0 = Release|Any CPU
		{BB2E414C-DEBF-428E-BD99-DDDA6060FA04}.Release|iPhone.Deploy.0 = Release|Any CPU
		{BB2E414C-DEBF-428E-BD99-DDDA6060FA04}.Release|iPhoneSimulator.ActiveCfg = Release|Any CPU
		{BB2E414C-DEBF-428E-BD99-DDDA6060FA04}.Release|iPhoneSimulator.Build.0 = Release|Any CPU
		{BB2E414C-DEBF-428E-BD99-DDDA6060FA04}.Release|iPhoneSimulator.Deploy.0 = Release|Any CPU
		{BB2E414C-DEBF-428E-BD99-DDDA6060FA04}.Release|x64.ActiveCfg = Release|Any CPU
		{BB2E414C-DEBF-428E-BD99-DDDA6060FA04}.Release|x64.Build.0 = Release|Any CPU
		{BB2E414C-DEBF-428E-BD99-DDDA6060FA04}.Release|x64.Deploy.0 = Release|Any CPU
		{BB2E414C-DEBF-428E-BD99-DDDA6060FA04}.Release|x86.ActiveCfg = Release|Any CPU
		{BB2E414C-DEBF-428E-BD99-DDDA6060FA04}.Release|x86.Build.0 = Release|Any CPU
		{BB2E414C-DEBF-428E-BD99-DDDA6060FA04}.Release|x86.Deploy.0 = Release|Any CPU
		{EF33B08B-DA51-43F9-BA44-88F56C7DAA31}.Debug|Any CPU.ActiveCfg = Debug|iPhoneSimulator
		{EF33B08B-DA51-43F9-BA44-88F56C7DAA31}.Debug|Any CPU.Build.0 = Debug|iPhoneSimulator
		{EF33B08B-DA51-43F9-BA44-88F56C7DAA31}.Debug|Any CPU.Deploy.0 = Debug|iPhoneSimulator
		{EF33B08B-DA51-43F9-BA44-88F56C7DAA31}.Debug|ARM.ActiveCfg = Debug|iPhoneSimulator
		{EF33B08B-DA51-43F9-BA44-88F56C7DAA31}.Debug|ARM.Build.0 = Debug|iPhoneSimulator
		{EF33B08B-DA51-43F9-BA44-88F56C7DAA31}.Debug|ARM.Deploy.0 = Debug|iPhoneSimulator
		{EF33B08B-DA51-43F9-BA44-88F56C7DAA31}.Debug|iPhone.ActiveCfg = Debug|iPhone
		{EF33B08B-DA51-43F9-BA44-88F56C7DAA31}.Debug|iPhone.Build.0 = Debug|iPhone
		{EF33B08B-DA51-43F9-BA44-88F56C7DAA31}.Debug|iPhone.Deploy.0 = Debug|iPhone
		{EF33B08B-DA51-43F9-BA44-88F56C7DAA31}.Debug|iPhoneSimulator.ActiveCfg = Debug|iPhoneSimulator
		{EF33B08B-DA51-43F9-BA44-88F56C7DAA31}.Debug|iPhoneSimulator.Build.0 = Debug|iPhoneSimulator
		{EF33B08B-DA51-43F9-BA44-88F56C7DAA31}.Debug|iPhoneSimulator.Deploy.0 = Debug|iPhoneSimulator
		{EF33B08B-DA51-43F9-BA44-88F56C7DAA31}.Debug|x64.ActiveCfg = Debug|iPhone
		{EF33B08B-DA51-43F9-BA44-88F56C7DAA31}.Debug|x64.Build.0 = Debug|iPhone
		{EF33B08B-DA51-43F9-BA44-88F56C7DAA31}.Debug|x64.Deploy.0 = Debug|iPhone
		{EF33B08B-DA51-43F9-BA44-88F56C7DAA31}.Debug|x86.ActiveCfg = Debug|iPhoneSimulator
		{EF33B08B-DA51-43F9-BA44-88F56C7DAA31}.Debug|x86.Build.0 = Debug|iPhoneSimulator
		{EF33B08B-DA51-43F9-BA44-88F56C7DAA31}.Debug|x86.Deploy.0 = Debug|iPhoneSimulator
		{EF33B08B-DA51-43F9-BA44-88F56C7DAA31}.Release|Any CPU.ActiveCfg = Release|iPhoneSimulator
		{EF33B08B-DA51-43F9-BA44-88F56C7DAA31}.Release|Any CPU.Build.0 = Release|iPhoneSimulator
		{EF33B08B-DA51-43F9-BA44-88F56C7DAA31}.Release|Any CPU.Deploy.0 = Release|iPhoneSimulator
		{EF33B08B-DA51-43F9-BA44-88F56C7DAA31}.Release|ARM.ActiveCfg = Release|iPhoneSimulator
		{EF33B08B-DA51-43F9-BA44-88F56C7DAA31}.Release|ARM.Build.0 = Release|iPhoneSimulator
		{EF33B08B-DA51-43F9-BA44-88F56C7DAA31}.Release|ARM.Deploy.0 = Release|iPhoneSimulator
		{EF33B08B-DA51-43F9-BA44-88F56C7DAA31}.Release|iPhone.ActiveCfg = Release|iPhone
		{EF33B08B-DA51-43F9-BA44-88F56C7DAA31}.Release|iPhone.Build.0 = Release|iPhone
		{EF33B08B-DA51-43F9-BA44-88F56C7DAA31}.Release|iPhone.Deploy.0 = Release|iPhone
		{EF33B08B-DA51-43F9-BA44-88F56C7DAA31}.Release|iPhoneSimulator.ActiveCfg = Release|iPhoneSimulator
		{EF33B08B-DA51-43F9-BA44-88F56C7DAA31}.Release|iPhoneSimulator.Build.0 = Release|iPhoneSimulator
		{EF33B08B-DA51-43F9-BA44-88F56C7DAA31}.Release|iPhoneSimulator.Deploy.0 = Release|iPhoneSimulator
		{EF33B08B-DA51-43F9-BA44-88F56C7DAA31}.Release|x64.ActiveCfg = Release|iPhoneSimulator
		{EF33B08B-DA51-43F9-BA44-88F56C7DAA31}.Release|x64.Build.0 = Release|iPhoneSimulator
		{EF33B08B-DA51-43F9-BA44-88F56C7DAA31}.Release|x64.Deploy.0 = Release|iPhoneSimulator
		{EF33B08B-DA51-43F9-BA44-88F56C7DAA31}.Release|x86.ActiveCfg = Release|iPhoneSimulator
		{EF33B08B-DA51-43F9-BA44-88F56C7DAA31}.Release|x86.Build.0 = Release|iPhoneSimulator
		{EF33B08B-DA51-43F9-BA44-88F56C7DAA31}.Release|x86.Deploy.0 = Release|iPhoneSimulator
		{C7A89826-7C51-4DF6-86FB-BD4181AFFC0A}.Debug|Any CPU.ActiveCfg = Debug|Any CPU
		{C7A89826-7C51-4DF6-86FB-BD4181AFFC0A}.Debug|Any CPU.Build.0 = Debug|Any CPU
		{C7A89826-7C51-4DF6-86FB-BD4181AFFC0A}.Debug|Any CPU.Deploy.0 = Debug|Any CPU
		{C7A89826-7C51-4DF6-86FB-BD4181AFFC0A}.Debug|ARM.ActiveCfg = Debug|Any CPU
		{C7A89826-7C51-4DF6-86FB-BD4181AFFC0A}.Debug|ARM.Build.0 = Debug|Any CPU
		{C7A89826-7C51-4DF6-86FB-BD4181AFFC0A}.Debug|ARM.Deploy.0 = Debug|Any CPU
		{C7A89826-7C51-4DF6-86FB-BD4181AFFC0A}.Debug|iPhone.ActiveCfg = Debug|Any CPU
		{C7A89826-7C51-4DF6-86FB-BD4181AFFC0A}.Debug|iPhone.Build.0 = Debug|Any CPU
		{C7A89826-7C51-4DF6-86FB-BD4181AFFC0A}.Debug|iPhone.Deploy.0 = Debug|Any CPU
		{C7A89826-7C51-4DF6-86FB-BD4181AFFC0A}.Debug|iPhoneSimulator.ActiveCfg = Debug|Any CPU
		{C7A89826-7C51-4DF6-86FB-BD4181AFFC0A}.Debug|iPhoneSimulator.Build.0 = Debug|Any CPU
		{C7A89826-7C51-4DF6-86FB-BD4181AFFC0A}.Debug|iPhoneSimulator.Deploy.0 = Debug|Any CPU
		{C7A89826-7C51-4DF6-86FB-BD4181AFFC0A}.Debug|x64.ActiveCfg = Debug|Any CPU
		{C7A89826-7C51-4DF6-86FB-BD4181AFFC0A}.Debug|x64.Build.0 = Debug|Any CPU
		{C7A89826-7C51-4DF6-86FB-BD4181AFFC0A}.Debug|x64.Deploy.0 = Debug|Any CPU
		{C7A89826-7C51-4DF6-86FB-BD4181AFFC0A}.Debug|x86.ActiveCfg = Debug|Any CPU
		{C7A89826-7C51-4DF6-86FB-BD4181AFFC0A}.Debug|x86.Build.0 = Debug|Any CPU
		{C7A89826-7C51-4DF6-86FB-BD4181AFFC0A}.Debug|x86.Deploy.0 = Debug|Any CPU
		{C7A89826-7C51-4DF6-86FB-BD4181AFFC0A}.Release|Any CPU.ActiveCfg = Release|Any CPU
		{C7A89826-7C51-4DF6-86FB-BD4181AFFC0A}.Release|Any CPU.Build.0 = Release|Any CPU
		{C7A89826-7C51-4DF6-86FB-BD4181AFFC0A}.Release|Any CPU.Deploy.0 = Release|Any CPU
		{C7A89826-7C51-4DF6-86FB-BD4181AFFC0A}.Release|ARM.ActiveCfg = Release|Any CPU
		{C7A89826-7C51-4DF6-86FB-BD4181AFFC0A}.Release|ARM.Build.0 = Release|Any CPU
		{C7A89826-7C51-4DF6-86FB-BD4181AFFC0A}.Release|ARM.Deploy.0 = Release|Any CPU
		{C7A89826-7C51-4DF6-86FB-BD4181AFFC0A}.Release|iPhone.ActiveCfg = Release|Any CPU
		{C7A89826-7C51-4DF6-86FB-BD4181AFFC0A}.Release|iPhone.Build.0 = Release|Any CPU
		{C7A89826-7C51-4DF6-86FB-BD4181AFFC0A}.Release|iPhone.Deploy.0 = Release|Any CPU
		{C7A89826-7C51-4DF6-86FB-BD4181AFFC0A}.Release|iPhoneSimulator.ActiveCfg = Release|Any CPU
		{C7A89826-7C51-4DF6-86FB-BD4181AFFC0A}.Release|iPhoneSimulator.Build.0 = Release|Any CPU
		{C7A89826-7C51-4DF6-86FB-BD4181AFFC0A}.Release|iPhoneSimulator.Deploy.0 = Release|Any CPU
		{C7A89826-7C51-4DF6-86FB-BD4181AFFC0A}.Release|x64.ActiveCfg = Release|Any CPU
		{C7A89826-7C51-4DF6-86FB-BD4181AFFC0A}.Release|x64.Build.0 = Release|Any CPU
		{C7A89826-7C51-4DF6-86FB-BD4181AFFC0A}.Release|x64.Deploy.0 = Release|Any CPU
		{C7A89826-7C51-4DF6-86FB-BD4181AFFC0A}.Release|x86.ActiveCfg = Release|Any CPU
		{C7A89826-7C51-4DF6-86FB-BD4181AFFC0A}.Release|x86.Build.0 = Release|Any CPU
		{C7A89826-7C51-4DF6-86FB-BD4181AFFC0A}.Release|x86.Deploy.0 = Release|Any CPU
	EndGlobalSection
	GlobalSection(SolutionProperties) = preSolution
		HideSolutionNode = FALSE
	EndGlobalSection
	GlobalSection(ExtensibilityGlobals) = postSolution
		SolutionGuid = {50100705-F1AE-4F4A-BBB1-C260AED47238}
	EndGlobalSection
EndGlobal
