
Microsoft Visual Studio Solution File, Format Version 12.00
# Visual Studio Version 17
VisualStudioVersion = 17.4.33213.308
MinimumVisualStudioVersion = 10.0.40219.1
Project("{FAE04EC0-301F-11D3-BF4B-00C04F79EFBC}") = "AdoCao.UWP", "AdoCao\AdoCao.UWP\AdoCao.UWP.csproj", "{13E5CF1A-1C62-490F-A8EC-0E8CA31253AF}"
EndProject
Project("{FAE04EC0-301F-11D3-BF4B-00C04F79EFBC}") = "AdoCao.Android", "AdoCao\AdoCao.Android\AdoCao.Android.csproj", "{173FE759-73BA-4B44-A03B-FF2C59F2B693}"
EndProject
Project("{FAE04EC0-301F-11D3-BF4B-00C04F79EFBC}") = "AdoCao.iOS", "AdoCao\AdoCao.iOS\AdoCao.iOS.csproj", "{D7836804-EED4-456C-A9F0-8E4E91D69889}"
EndProject
Project("{FAE04EC0-301F-11D3-BF4B-00C04F79EFBC}") = "AdoCao", "AdoCao\AdoCao\AdoCao.csproj", "{34B4B628-95CC-4F25-A0A2-2B5021988C4B}"
EndProject
Global
	GlobalSection(SolutionConfigurationPlatforms) = preSolution
		Debug|Any CPU = Debug|Any CPU
		Debug|ARM = Debug|ARM
		Debug|iPhone = Debug|iPhone
		Debug|iPhoneSimulator = Debug|iPhoneSimulator
		Debug|x64 = Debug|x64
		Debug|x86 = Debug|x86
		Release|Any CPU = Release|Any CPU
		Release|ARM = Release|ARM
		Release|iPhone = Release|iPhone
		Release|iPhoneSimulator = Release|iPhoneSimulator
		Release|x64 = Release|x64
		Release|x86 = Release|x86
	EndGlobalSection
	GlobalSection(ProjectConfigurationPlatforms) = postSolution
		{13E5CF1A-1C62-490F-A8EC-0E8CA31253AF}.Debug|Any CPU.ActiveCfg = Debug|x64
		{13E5CF1A-1C62-490F-A8EC-0E8CA31253AF}.Debug|Any CPU.Build.0 = Debug|x64
		{13E5CF1A-1C62-490F-A8EC-0E8CA31253AF}.Debug|Any CPU.Deploy.0 = Debug|x64
		{13E5CF1A-1C62-490F-A8EC-0E8CA31253AF}.Debug|ARM.ActiveCfg = Debug|ARM
		{13E5CF1A-1C62-490F-A8EC-0E8CA31253AF}.Debug|ARM.Build.0 = Debug|ARM
		{13E5CF1A-1C62-490F-A8EC-0E8CA31253AF}.Debug|ARM.Deploy.0 = Debug|ARM
		{13E5CF1A-1C62-490F-A8EC-0E8CA31253AF}.Debug|iPhone.ActiveCfg = Debug|x64
		{13E5CF1A-1C62-490F-A8EC-0E8CA31253AF}.Debug|iPhone.Build.0 = Debug|x64
		{13E5CF1A-1C62-490F-A8EC-0E8CA31253AF}.Debug|iPhone.Deploy.0 = Debug|x64
		{13E5CF1A-1C62-490F-A8EC-0E8CA31253AF}.Debug|iPhoneSimulator.ActiveCfg = Debug|x64
		{13E5CF1A-1C62-490F-A8EC-0E8CA31253AF}.Debug|iPhoneSimulator.Build.0 = Debug|x64
		{13E5CF1A-1C62-490F-A8EC-0E8CA31253AF}.Debug|iPhoneSimulator.Deploy.0 = Debug|x64
		{13E5CF1A-1C62-490F-A8EC-0E8CA31253AF}.Debug|x64.ActiveCfg = Debug|x64
		{13E5CF1A-1C62-490F-A8EC-0E8CA31253AF}.Debug|x64.Build.0 = Debug|x64
		{13E5CF1A-1C62-490F-A8EC-0E8CA31253AF}.Debug|x64.Deploy.0 = Debug|x64
		{13E5CF1A-1C62-490F-A8EC-0E8CA31253AF}.Debug|x86.ActiveCfg = Debug|x86
		{13E5CF1A-1C62-490F-A8EC-0E8CA31253AF}.Debug|x86.Build.0 = Debug|x86
		{13E5CF1A-1C62-490F-A8EC-0E8CA31253AF}.Debug|x86.Deploy.0 = Debug|x86
		{13E5CF1A-1C62-490F-A8EC-0E8CA31253AF}.Release|Any CPU.ActiveCfg = Release|x64
		{13E5CF1A-1C62-490F-A8EC-0E8CA31253AF}.Release|Any CPU.Build.0 = Release|x64
		{13E5CF1A-1C62-490F-A8EC-0E8CA31253AF}.Release|Any CPU.Deploy.0 = Release|x64
		{13E5CF1A-1C62-490F-A8EC-0E8CA31253AF}.Release|ARM.ActiveCfg = Release|ARM
		{13E5CF1A-1C62-490F-A8EC-0E8CA31253AF}.Release|ARM.Build.0 = Release|ARM
		{13E5CF1A-1C62-490F-A8EC-0E8CA31253AF}.Release|ARM.Deploy.0 = Release|ARM
		{13E5CF1A-1C62-490F-A8EC-0E8CA31253AF}.Release|iPhone.ActiveCfg = Release|x64
		{13E5CF1A-1C62-490F-A8EC-0E8CA31253AF}.Release|iPhone.Build.0 = Release|x64
		{13E5CF1A-1C62-490F-A8EC-0E8CA31253AF}.Release|iPhone.Deploy.0 = Release|x64
		{13E5CF1A-1C62-490F-A8EC-0E8CA31253AF}.Release|iPhoneSimulator.ActiveCfg = Release|x64
		{13E5CF1A-1C62-490F-A8EC-0E8CA31253AF}.Release|iPhoneSimulator.Build.0 = Release|x64
		{13E5CF1A-1C62-490F-A8EC-0E8CA31253AF}.Release|iPhoneSimulator.Deploy.0 = Release|x64
		{13E5CF1A-1C62-490F-A8EC-0E8CA31253AF}.Release|x64.ActiveCfg = Release|x64
		{13E5CF1A-1C62-490F-A8EC-0E8CA31253AF}.Release|x64.Build.0 = Release|x64
		{13E5CF1A-1C62-490F-A8EC-0E8CA31253AF}.Release|x64.Deploy.0 = Release|x64
		{13E5CF1A-1C62-490F-A8EC-0E8CA31253AF}.Release|x86.ActiveCfg = Release|x86
		{13E5CF1A-1C62-490F-A8EC-0E8CA31253AF}.Release|x86.Build.0 = Release|x86
		{13E5CF1A-1C62-490F-A8EC-0E8CA31253AF}.Release|x86.Deploy.0 = Release|x86
		{173FE759-73BA-4B44-A03B-FF2C59F2B693}.Debug|Any CPU.ActiveCfg = Debug|Any CPU
		{173FE759-73BA-4B44-A03B-FF2C59F2B693}.Debug|Any CPU.Build.0 = Debug|Any CPU
		{173FE759-73BA-4B44-A03B-FF2C59F2B693}.Debug|Any CPU.Deploy.0 = Debug|Any CPU
		{173FE759-73BA-4B44-A03B-FF2C59F2B693}.Debug|ARM.ActiveCfg = Debug|Any CPU
		{173FE759-73BA-4B44-A03B-FF2C59F2B693}.Debug|ARM.Build.0 = Debug|Any CPU
		{173FE759-73BA-4B44-A03B-FF2C59F2B693}.Debug|ARM.Deploy.0 = Debug|Any CPU
		{173FE759-73BA-4B44-A03B-FF2C59F2B693}.Debug|iPhone.ActiveCfg = Debug|Any CPU
		{173FE759-73BA-4B44-A03B-FF2C59F2B693}.Debug|iPhone.Build.0 = Debug|Any CPU
		{173FE759-73BA-4B44-A03B-FF2C59F2B693}.Debug|iPhone.Deploy.0 = Debug|Any CPU
		{173FE759-73BA-4B44-A03B-FF2C59F2B693}.Debug|iPhoneSimulator.ActiveCfg = Debug|Any CPU
		{173FE759-73BA-4B44-A03B-FF2C59F2B693}.Debug|iPhoneSimulator.Build.0 = Debug|Any CPU
		{173FE759-73BA-4B44-A03B-FF2C59F2B693}.Debug|iPhoneSimulator.Deploy.0 = Debug|Any CPU
		{173FE759-73BA-4B44-A03B-FF2C59F2B693}.Debug|x64.ActiveCfg = Debug|Any CPU
		{173FE759-73BA-4B44-A03B-FF2C59F2B693}.Debug|x64.Build.0 = Debug|Any CPU
		{173FE759-73BA-4B44-A03B-FF2C59F2B693}.Debug|x64.Deploy.0 = Debug|Any CPU
		{173FE759-73BA-4B44-A03B-FF2C59F2B693}.Debug|x86.ActiveCfg = Debug|Any CPU
		{173FE759-73BA-4B44-A03B-FF2C59F2B693}.Debug|x86.Build.0 = Debug|Any CPU
		{173FE759-73BA-4B44-A03B-FF2C59F2B693}.Debug|x86.Deploy.0 = Debug|Any CPU
		{173FE759-73BA-4B44-A03B-FF2C59F2B693}.Release|Any CPU.ActiveCfg = Release|Any CPU
		{173FE759-73BA-4B44-A03B-FF2C59F2B693}.Release|Any CPU.Build.0 = Release|Any CPU
		{173FE759-73BA-4B44-A03B-FF2C59F2B693}.Release|Any CPU.Deploy.0 = Release|Any CPU
		{173FE759-73BA-4B44-A03B-FF2C59F2B693}.Release|ARM.ActiveCfg = Release|Any CPU
		{173FE759-73BA-4B44-A03B-FF2C59F2B693}.Release|ARM.Build.0 = Release|Any CPU
		{173FE759-73BA-4B44-A03B-FF2C59F2B693}.Release|ARM.Deploy.0 = Release|Any CPU
		{173FE759-73BA-4B44-A03B-FF2C59F2B693}.Release|iPhone.ActiveCfg = Release|Any CPU
		{173FE759-73BA-4B44-A03B-FF2C59F2B693}.Release|iPhone.Build.0 = Release|Any CPU
		{173FE759-73BA-4B44-A03B-FF2C59F2B693}.Release|iPhone.Deploy.0 = Release|Any CPU
		{173FE759-73BA-4B44-A03B-FF2C59F2B693}.Release|iPhoneSimulator.ActiveCfg = Release|Any CPU
		{173FE759-73BA-4B44-A03B-FF2C59F2B693}.Release|iPhoneSimulator.Build.0 = Release|Any CPU
		{173FE759-73BA-4B44-A03B-FF2C59F2B693}.Release|iPhoneSimulator.Deploy.0 = Release|Any CPU
		{173FE759-73BA-4B44-A03B-FF2C59F2B693}.Release|x64.ActiveCfg = Release|Any CPU
		{173FE759-73BA-4B44-A03B-FF2C59F2B693}.Release|x64.Build.0 = Release|Any CPU
		{173FE759-73BA-4B44-A03B-FF2C59F2B693}.Release|x64.Deploy.0 = Release|Any CPU
		{173FE759-73BA-4B44-A03B-FF2C59F2B693}.Release|x86.ActiveCfg = Release|Any CPU
		{173FE759-73BA-4B44-A03B-FF2C59F2B693}.Release|x86.Build.0 = Release|Any CPU
		{173FE759-73BA-4B44-A03B-FF2C59F2B693}.Release|x86.Deploy.0 = Release|Any CPU
		{D7836804-EED4-456C-A9F0-8E4E91D69889}.Debug|Any CPU.ActiveCfg = Debug|iPhoneSimulator
		{D7836804-EED4-456C-A9F0-8E4E91D69889}.Debug|Any CPU.Build.0 = Debug|iPhoneSimulator
		{D7836804-EED4-456C-A9F0-8E4E91D69889}.Debug|Any CPU.Deploy.0 = Debug|iPhoneSimulator
		{D7836804-EED4-456C-A9F0-8E4E91D69889}.Debug|ARM.ActiveCfg = Debug|iPhoneSimulator
		{D7836804-EED4-456C-A9F0-8E4E91D69889}.Debug|ARM.Build.0 = Debug|iPhoneSimulator
		{D7836804-EED4-456C-A9F0-8E4E91D69889}.Debug|ARM.Deploy.0 = Debug|iPhoneSimulator
		{D7836804-EED4-456C-A9F0-8E4E91D69889}.Debug|iPhone.ActiveCfg = Debug|iPhone
		{D7836804-EED4-456C-A9F0-8E4E91D69889}.Debug|iPhone.Build.0 = Debug|iPhone
		{D7836804-EED4-456C-A9F0-8E4E91D69889}.Debug|iPhone.Deploy.0 = Debug|iPhone
		{D7836804-EED4-456C-A9F0-8E4E91D69889}.Debug|iPhoneSimulator.ActiveCfg = Debug|iPhoneSimulator
		{D7836804-EED4-456C-A9F0-8E4E91D69889}.Debug|iPhoneSimulator.Build.0 = Debug|iPhoneSimulator
		{D7836804-EED4-456C-A9F0-8E4E91D69889}.Debug|iPhoneSimulator.Deploy.0 = Debug|iPhoneSimulator
		{D7836804-EED4-456C-A9F0-8E4E91D69889}.Debug|x64.ActiveCfg = Debug|iPhone
		{D7836804-EED4-456C-A9F0-8E4E91D69889}.Debug|x64.Build.0 = Debug|iPhone
		{D7836804-EED4-456C-A9F0-8E4E91D69889}.Debug|x64.Deploy.0 = Debug|iPhone
		{D7836804-EED4-456C-A9F0-8E4E91D69889}.Debug|x86.ActiveCfg = Debug|iPhoneSimulator
		{D7836804-EED4-456C-A9F0-8E4E91D69889}.Debug|x86.Build.0 = Debug|iPhoneSimulator
		{D7836804-EED4-456C-A9F0-8E4E91D69889}.Debug|x86.Deploy.0 = Debug|iPhoneSimulator
		{D7836804-EED4-456C-A9F0-8E4E91D69889}.Release|Any CPU.ActiveCfg = Release|iPhoneSimulator
		{D7836804-EED4-456C-A9F0-8E4E91D69889}.Release|Any CPU.Build.0 = Release|iPhoneSimulator
		{D7836804-EED4-456C-A9F0-8E4E91D69889}.Release|Any CPU.Deploy.0 = Release|iPhoneSimulator
		{D7836804-EED4-456C-A9F0-8E4E91D69889}.Release|ARM.ActiveCfg = Release|iPhoneSimulator
		{D7836804-EED4-456C-A9F0-8E4E91D69889}.Release|ARM.Build.0 = Release|iPhoneSimulator
		{D7836804-EED4-456C-A9F0-8E4E91D69889}.Release|ARM.Deploy.0 = Release|iPhoneSimulator
		{D7836804-EED4-456C-A9F0-8E4E91D69889}.Release|iPhone.ActiveCfg = Release|iPhone
		{D7836804-EED4-456C-A9F0-8E4E91D69889}.Release|iPhone.Build.0 = Release|iPhone
		{D7836804-EED4-456C-A9F0-8E4E91D69889}.Release|iPhone.Deploy.0 = Release|iPhone
		{D7836804-EED4-456C-A9F0-8E4E91D69889}.Release|iPhoneSimulator.ActiveCfg = Release|iPhoneSimulator
		{D7836804-EED4-456C-A9F0-8E4E91D69889}.Release|iPhoneSimulator.Build.0 = Release|iPhoneSimulator
		{D7836804-EED4-456C-A9F0-8E4E91D69889}.Release|iPhoneSimulator.Deploy.0 = Release|iPhoneSimulator
		{D7836804-EED4-456C-A9F0-8E4E91D69889}.Release|x64.ActiveCfg = Release|iPhoneSimulator
		{D7836804-EED4-456C-A9F0-8E4E91D69889}.Release|x64.Build.0 = Release|iPhoneSimulator
		{D7836804-EED4-456C-A9F0-8E4E91D69889}.Release|x64.Deploy.0 = Release|iPhoneSimulator
		{D7836804-EED4-456C-A9F0-8E4E91D69889}.Release|x86.ActiveCfg = Release|iPhoneSimulator
		{D7836804-EED4-456C-A9F0-8E4E91D69889}.Release|x86.Build.0 = Release|iPhoneSimulator
		{D7836804-EED4-456C-A9F0-8E4E91D69889}.Release|x86.Deploy.0 = Release|iPhoneSimulator
		{34B4B628-95CC-4F25-A0A2-2B5021988C4B}.Debug|Any CPU.ActiveCfg = Debug|Any CPU
		{34B4B628-95CC-4F25-A0A2-2B5021988C4B}.Debug|Any CPU.Build.0 = Debug|Any CPU
		{34B4B628-95CC-4F25-A0A2-2B5021988C4B}.Debug|Any CPU.Deploy.0 = Debug|Any CPU
		{34B4B628-95CC-4F25-A0A2-2B5021988C4B}.Debug|ARM.ActiveCfg = Debug|Any CPU
		{34B4B628-95CC-4F25-A0A2-2B5021988C4B}.Debug|ARM.Build.0 = Debug|Any CPU
		{34B4B628-95CC-4F25-A0A2-2B5021988C4B}.Debug|ARM.Deploy.0 = Debug|Any CPU
		{34B4B628-95CC-4F25-A0A2-2B5021988C4B}.Debug|iPhone.ActiveCfg = Debug|Any CPU
		{34B4B628-95CC-4F25-A0A2-2B5021988C4B}.Debug|iPhone.Build.0 = Debug|Any CPU
		{34B4B628-95CC-4F25-A0A2-2B5021988C4B}.Debug|iPhone.Deploy.0 = Debug|Any CPU
		{34B4B628-95CC-4F25-A0A2-2B5021988C4B}.Debug|iPhoneSimulator.ActiveCfg = Debug|Any CPU
		{34B4B628-95CC-4F25-A0A2-2B5021988C4B}.Debug|iPhoneSimulator.Build.0 = Debug|Any CPU
		{34B4B628-95CC-4F25-A0A2-2B5021988C4B}.Debug|iPhoneSimulator.Deploy.0 = Debug|Any CPU
		{34B4B628-95CC-4F25-A0A2-2B5021988C4B}.Debug|x64.ActiveCfg = Debug|Any CPU
		{34B4B628-95CC-4F25-A0A2-2B5021988C4B}.Debug|x64.Build.0 = Debug|Any CPU
		{34B4B628-95CC-4F25-A0A2-2B5021988C4B}.Debug|x64.Deploy.0 = Debug|Any CPU
		{34B4B628-95CC-4F25-A0A2-2B5021988C4B}.Debug|x86.ActiveCfg = Debug|Any CPU
		{34B4B628-95CC-4F25-A0A2-2B5021988C4B}.Debug|x86.Build.0 = Debug|Any CPU
		{34B4B628-95CC-4F25-A0A2-2B5021988C4B}.Debug|x86.Deploy.0 = Debug|Any CPU
		{34B4B628-95CC-4F25-A0A2-2B5021988C4B}.Release|Any CPU.ActiveCfg = Release|Any CPU
		{34B4B628-95CC-4F25-A0A2-2B5021988C4B}.Release|Any CPU.Build.0 = Release|Any CPU
		{34B4B628-95CC-4F25-A0A2-2B5021988C4B}.Release|Any CPU.Deploy.0 = Release|Any CPU
		{34B4B628-95CC-4F25-A0A2-2B5021988C4B}.Release|ARM.ActiveCfg = Release|Any CPU
		{34B4B628-95CC-4F25-A0A2-2B5021988C4B}.Release|ARM.Build.0 = Release|Any CPU
		{34B4B628-95CC-4F25-A0A2-2B5021988C4B}.Release|ARM.Deploy.0 = Release|Any CPU
		{34B4B628-95CC-4F25-A0A2-2B5021988C4B}.Release|iPhone.ActiveCfg = Release|Any CPU
		{34B4B628-95CC-4F25-A0A2-2B5021988C4B}.Release|iPhone.Build.0 = Release|Any CPU
		{34B4B628-95CC-4F25-A0A2-2B5021988C4B}.Release|iPhone.Deploy.0 = Release|Any CPU
		{34B4B628-95CC-4F25-A0A2-2B5021988C4B}.Release|iPhoneSimulator.ActiveCfg = Release|Any CPU
		{34B4B628-95CC-4F25-A0A2-2B5021988C4B}.Release|iPhoneSimulator.Build.0 = Release|Any CPU
		{34B4B628-95CC-4F25-A0A2-2B5021988C4B}.Release|iPhoneSimulator.Deploy.0 = Release|Any CPU
		{34B4B628-95CC-4F25-A0A2-2B5021988C4B}.Release|x64.ActiveCfg = Release|Any CPU
		{34B4B628-95CC-4F25-A0A2-2B5021988C4B}.Release|x64.Build.0 = Release|Any CPU
		{34B4B628-95CC-4F25-A0A2-2B5021988C4B}.Release|x64.Deploy.0 = Release|Any CPU
		{34B4B628-95CC-4F25-A0A2-2B5021988C4B}.Release|x86.ActiveCfg = Release|Any CPU
		{34B4B628-95CC-4F25-A0A2-2B5021988C4B}.Release|x86.Build.0 = Release|Any CPU
		{34B4B628-95CC-4F25-A0A2-2B5021988C4B}.Release|x86.Deploy.0 = Release|Any CPU
	EndGlobalSection
	GlobalSection(SolutionProperties) = preSolution
		HideSolutionNode = FALSE
	EndGlobalSection
	GlobalSection(ExtensibilityGlobals) = postSolution
		SolutionGuid = {82886E94-86CA-454B-8F7D-89210FDBF897}
	EndGlobalSection
EndGlobal
